# Generated by buf. DO NOT EDIT.
version: v2
deps:
  - name: buf.build/bufbuild/protovalidate
    commit: a6c49f84cc0f4e038680d390392e2ab0
    digest: b5:e968392e88ff7915adcbd1635d670b45bff8836ec2415d81fc559ca5470a695dbdc30030bad8bc5764647c731079e9e7bba0023ea25c4e4a1672a7d2561d4a19
  - name: buf.build/pluginrpc/pluginrpc
    commit: cf42259fcbfc468989149b71f096cdb2
    digest: b5:40e1f121e3e8cc89376a21943d18dd457f368496f9bde86560f645e72271d5c0b341feede358d7c84522d8b60579f02f5180e6f3b7ed7fb8aa437b5591ddd85b
